
Microsoft Visual Studio Solution File, Format Version 12.00
# Visual Studio Version 17
VisualStudioVersion = 17.9.34723.18
MinimumVisualStudioVersion = 10.0.40219.1
Project("{9A19103F-16F7-4668-BE54-9A1E7A4F7556}") = "Convergence", "Convergence\Lib\Convergence.csproj", "{2C51E6B1-71F2-462E-9188-EF5264379958}"
EndProject
Project("{9A19103F-16F7-4668-BE54-9A1E7A4F7556}") = "ConvergenceComponents", "ConvergenceComponents\ConvergenceComponents.csproj", "{34E83221-460A-4AEB-8AD0-432733E92896}"
EndProject
Project("{9A19103F-16F7-4668-BE54-9A1E7A4F7556}") = "ConvergenceServerApp", "ConvergenceServerApp\ConvergenceServerApp.csproj", "{688DECD5-E467-44FB-B121-6A93D7F6FC32}"
EndProject
Global
	GlobalSection(SolutionConfigurationPlatforms) = preSolution
		Debug|Any CPU = Debug|Any CPU
		Release|Any CPU = Release|Any CPU
	EndGlobalSection
	GlobalSection(ProjectConfigurationPlatforms) = postSolution
		{2C51E6B1-71F2-462E-9188-EF5264379958}.Debug|Any CPU.ActiveCfg = Debug|Any CPU
		{2C51E6B1-71F2-462E-9188-EF5264379958}.Debug|Any CPU.Build.0 = Debug|Any CPU
		{2C51E6B1-71F2-462E-9188-EF5264379958}.Release|Any CPU.ActiveCfg = Release|Any CPU
		{2C51E6B1-71F2-462E-9188-EF5264379958}.Release|Any CPU.Build.0 = Release|Any CPU
		{34E83221-460A-4AEB-8AD0-432733E92896}.Debug|Any CPU.ActiveCfg = Debug|Any CPU
		{34E83221-460A-4AEB-8AD0-432733E92896}.Debug|Any CPU.Build.0 = Debug|Any CPU
		{34E83221-460A-4AEB-8AD0-432733E92896}.Release|Any CPU.ActiveCfg = Release|Any CPU
		{34E83221-460A-4AEB-8AD0-432733E92896}.Release|Any CPU.Build.0 = Release|Any CPU
		{688DECD5-E467-44FB-B121-6A93D7F6FC32}.Debug|Any CPU.ActiveCfg = Debug|Any CPU
		{688DECD5-E467-44FB-B121-6A93D7F6FC32}.Debug|Any CPU.Build.0 = Debug|Any CPU
		{688DECD5-E467-44FB-B121-6A93D7F6FC32}.Release|Any CPU.ActiveCfg = Release|Any CPU
		{688DECD5-E467-44FB-B121-6A93D7F6FC32}.Release|Any CPU.Build.0 = Release|Any CPU
	EndGlobalSection
	GlobalSection(SolutionProperties) = preSolution
		HideSolutionNode = FALSE
	EndGlobalSection
	GlobalSection(ExtensibilityGlobals) = postSolution
		SolutionGuid = {F9080F97-4674-40F4-B8A7-C613F0D46A07}
	EndGlobalSection
EndGlobal
