
Microsoft Visual Studio Solution File, Format Version 12.00
# Visual Studio Version 17
VisualStudioVersion = 17.9.34723.18
MinimumVisualStudioVersion = 10.0.40219.1
Project("{9A19103F-16F7-4668-BE54-9A1E7A4F7556}") = "ConvergenceBlazorWeb", "ConvergenceBlazorWeb\ConvergenceBlazorWeb\ConvergenceBlazorWeb.csproj", "{CCE66A8E-1B27-4940-A45D-0B6ABDCFDF0C}"
EndProject
Project("{9A19103F-16F7-4668-BE54-9A1E7A4F7556}") = "Convergence", "Convergence\Lib\Convergence.csproj", "{2C51E6B1-71F2-462E-9188-EF5264379958}"
EndProject
Project("{9A19103F-16F7-4668-BE54-9A1E7A4F7556}") = "ConvergenceBlazorWeb.Client", "ConvergenceBlazorWeb\ConvergenceBlazorWeb.Client\ConvergenceBlazorWeb.Client.csproj", "{7C95BB7E-8586-4576-92C9-362DBD45D3BE}"
EndProject
Project("{FAE04EC0-301F-11D3-BF4B-00C04F79EFBC}") = "ConvergenceComponents", "ConvergenceComponents\ConvergenceComponents.csproj", "{34E83221-460A-4AEB-8AD0-432733E92896}"
EndProject
Global
	GlobalSection(SolutionConfigurationPlatforms) = preSolution
		Debug|Any CPU = Debug|Any CPU
		Release|Any CPU = Release|Any CPU
	EndGlobalSection
	GlobalSection(ProjectConfigurationPlatforms) = postSolution
		{CCE66A8E-1B27-4940-A45D-0B6ABDCFDF0C}.Debug|Any CPU.ActiveCfg = Debug|Any CPU
		{CCE66A8E-1B27-4940-A45D-0B6ABDCFDF0C}.Debug|Any CPU.Build.0 = Debug|Any CPU
		{CCE66A8E-1B27-4940-A45D-0B6ABDCFDF0C}.Release|Any CPU.ActiveCfg = Release|Any CPU
		{CCE66A8E-1B27-4940-A45D-0B6ABDCFDF0C}.Release|Any CPU.Build.0 = Release|Any CPU
		{2C51E6B1-71F2-462E-9188-EF5264379958}.Debug|Any CPU.ActiveCfg = Debug|Any CPU
		{2C51E6B1-71F2-462E-9188-EF5264379958}.Debug|Any CPU.Build.0 = Debug|Any CPU
		{2C51E6B1-71F2-462E-9188-EF5264379958}.Release|Any CPU.ActiveCfg = Release|Any CPU
		{2C51E6B1-71F2-462E-9188-EF5264379958}.Release|Any CPU.Build.0 = Release|Any CPU
		{7C95BB7E-8586-4576-92C9-362DBD45D3BE}.Debug|Any CPU.ActiveCfg = Debug|Any CPU
		{7C95BB7E-8586-4576-92C9-362DBD45D3BE}.Debug|Any CPU.Build.0 = Debug|Any CPU
		{7C95BB7E-8586-4576-92C9-362DBD45D3BE}.Release|Any CPU.ActiveCfg = Release|Any CPU
		{7C95BB7E-8586-4576-92C9-362DBD45D3BE}.Release|Any CPU.Build.0 = Release|Any CPU
		{34E83221-460A-4AEB-8AD0-432733E92896}.Debug|Any CPU.ActiveCfg = Debug|Any CPU
		{34E83221-460A-4AEB-8AD0-432733E92896}.Debug|Any CPU.Build.0 = Debug|Any CPU
		{34E83221-460A-4AEB-8AD0-432733E92896}.Release|Any CPU.ActiveCfg = Release|Any CPU
		{34E83221-460A-4AEB-8AD0-432733E92896}.Release|Any CPU.Build.0 = Release|Any CPU
	EndGlobalSection
	GlobalSection(SolutionProperties) = preSolution
		HideSolutionNode = FALSE
	EndGlobalSection
	GlobalSection(ExtensibilityGlobals) = postSolution
		SolutionGuid = {F9080F97-4674-40F4-B8A7-C613F0D46A07}
	EndGlobalSection
EndGlobal
